// !$*UTF8*$!
{
	archiveVersion = 1;
	classes = {
	};
	objectVersion = 46;
	objects = {

/* Begin PBXBuildFile section */
		F61CFC981B56C7CB00BB3DB9 /* AppDelegate.swift in Sources */ = {isa = PBXBuildFile; fileRef = F61CFC971B56C7CB00BB3DB9 /* AppDelegate.swift */; };
		F61CFC9A1B56C7CB00BB3DB9 /* ViewController.swift in Sources */ = {isa = PBXBuildFile; fileRef = F61CFC991B56C7CB00BB3DB9 /* ViewController.swift */; };
		F61CFC9D1B56C7CB00BB3DB9 /* Main.storyboard in Resources */ = {isa = PBXBuildFile; fileRef = F61CFC9B1B56C7CB00BB3DB9 /* Main.storyboard */; };
		F61CFC9F1B56C7CB00BB3DB9 /* Images.xcassets in Resources */ = {isa = PBXBuildFile; fileRef = F61CFC9E1B56C7CB00BB3DB9 /* Images.xcassets */; };
		F61CFCA21B56C7CB00BB3DB9 /* LaunchScreen.xib in Resources */ = {isa = PBXBuildFile; fileRef = F61CFCA01B56C7CB00BB3DB9 /* LaunchScreen.xib */; };
		F61CFCAE1B56C7CB00BB3DB9 /* ShowMeTests.swift in Sources */ = {isa = PBXBuildFile; fileRef = F61CFCAD1B56C7CB00BB3DB9 /* ShowMeTests.swift */; };
/* End PBXBuildFile section */

/* Begin PBXContainerItemProxy section */
		F61CFCA81B56C7CB00BB3DB9 /* PBXContainerItemProxy */ = {
			isa = PBXContainerItemProxy;
			containerPortal = F61CFC8A1B56C7CA00BB3DB9 /* Project object */;
			proxyType = 1;
			remoteGlobalIDString = F61CFC911B56C7CA00BB3DB9;
			remoteInfo = ShowMe;
		};
/* End PBXContainerItemProxy section */

/* Begin PBXFileReference section */
		F61CFC921B56C7CB00BB3DB9 /* ShowMe.app */ = {isa = PBXFileReference; explicitFileType = wrapper.application; includeInIndex = 0; path = ShowMe.app; sourceTree = BUILT_PRODUCTS_DIR; };
		F61CFC961B56C7CB00BB3DB9 /* Info.plist */ = {isa = PBXFileReference; lastKnownFileType = text.plist.xml; path = Info.plist; sourceTree = "<group>"; };
		F61CFC971B56C7CB00BB3DB9 /* AppDelegate.swift */ = {isa = PBXFileReference; lastKnownFileType = sourcecode.swift; path = AppDelegate.swift; sourceTree = "<group>"; };
		F61CFC991B56C7CB00BB3DB9 /* ViewController.swift */ = {isa = PBXFileReference; lastKnownFileType = sourcecode.swift; path = ViewController.swift; sourceTree = "<group>"; };
		F61CFC9C1B56C7CB00BB3DB9 /* Base */ = {isa = PBXFileReference; lastKnownFileType = file.storyboard; name = Base; path = Base.lproj/Main.storyboard; sourceTree = "<group>"; };
		F61CFC9E1B56C7CB00BB3DB9 /* Images.xcassets */ = {isa = PBXFileReference; lastKnownFileType = folder.assetcatalog; path = Images.xcassets; sourceTree = "<group>"; };
		F61CFCA11B56C7CB00BB3DB9 /* Base */ = {isa = PBXFileReference; lastKnownFileType = file.xib; name = Base; path = Base.lproj/LaunchScreen.xib; sourceTree = "<group>"; };
		F61CFCA71B56C7CB00BB3DB9 /* ShowMeTests.xctest */ = {isa = PBXFileReference; explicitFileType = wrapper.cfbundle; includeInIndex = 0; path = ShowMeTests.xctest; sourceTree = BUILT_PRODUCTS_DIR; };
		F61CFCAC1B56C7CB00BB3DB9 /* Info.plist */ = {isa = PBXFileReference; lastKnownFileType = text.plist.xml; path = Info.plist; sourceTree = "<group>"; };
		F61CFCAD1B56C7CB00BB3DB9 /* ShowMeTests.swift */ = {isa = PBXFileReference; lastKnownFileType = sourcecode.swift; path = ShowMeTests.swift; sourceTree = "<group>"; };
/* End PBXFileReference section */

/* Begin PBXFrameworksBuildPhase section */
		F61CFC8F1B56C7CA00BB3DB9 /* Frameworks */ = {
			isa = PBXFrameworksBuildPhase;
			buildActionMask = 2147483647;
			files = (
			);
			runOnlyForDeploymentPostprocessing = 0;
		};
		F61CFCA41B56C7CB00BB3DB9 /* Frameworks */ = {
			isa = PBXFrameworksBuildPhase;
			buildActionMask = 2147483647;
			files = (
			);
			runOnlyForDeploymentPostprocessing = 0;
		};
/* End PBXFrameworksBuildPhase section */

/* Begin PBXGroup section */
		F61CFC891B56C7CA00BB3DB9 = {
			isa = PBXGroup;
			children = (
				F61CFC941B56C7CB00BB3DB9 /* ShowMe */,
				F61CFCAA1B56C7CB00BB3DB9 /* ShowMeTests */,
				F61CFC931B56C7CB00BB3DB9 /* Products */,
			);
			sourceTree = "<group>";
		};
		F61CFC931B56C7CB00BB3DB9 /* Products */ = {
			isa = PBXGroup;
			children = (
				F61CFC921B56C7CB00BB3DB9 /* ShowMe.app */,
				F61CFCA71B56C7CB00BB3DB9 /* ShowMeTests.xctest */,
			);
			name = Products;
			sourceTree = "<group>";
		};
		F61CFC941B56C7CB00BB3DB9 /* ShowMe */ = {
			isa = PBXGroup;
			children = (
				F61CFC971B56C7CB00BB3DB9 /* AppDelegate.swift */,
				F61CFC991B56C7CB00BB3DB9 /* ViewController.swift */,
				F61CFC9B1B56C7CB00BB3DB9 /* Main.storyboard */,
				F61CFC9E1B56C7CB00BB3DB9 /* Images.xcassets */,
				F61CFCA01B56C7CB00BB3DB9 /* LaunchScreen.xib */,
				F61CFC951B56C7CB00BB3DB9 /* Supporting Files */,
			);
			path = ShowMe;
			sourceTree = "<group>";
		};
		F61CFC951B56C7CB00BB3DB9 /* Supporting Files */ = {
			isa = PBXGroup;
			children = (
				F61CFC961B56C7CB00BB3DB9 /* Info.plist */,
			);
			name = "Supporting Files";
			sourceTree = "<group>";
		};
		F61CFCAA1B56C7CB00BB3DB9 /* ShowMeTests */ = {
			isa = PBXGroup;
			children = (
				F61CFCAD1B56C7CB00BB3DB9 /* ShowMeTests.swift */,
				F61CFCAB1B56C7CB00BB3DB9 /* Supporting Files */,
			);
			path = ShowMeTests;
			sourceTree = "<group>";
		};
		F61CFCAB1B56C7CB00BB3DB9 /* Supporting Files */ = {
			isa = PBXGroup;
			children = (
				F61CFCAC1B56C7CB00BB3DB9 /* Info.plist */,
			);
			name = "Supporting Files";
			sourceTree = "<group>";
		};
/* End PBXGroup section */

/* Begin PBXNativeTarget section */
		F61CFC911B56C7CA00BB3DB9 /* ShowMe */ = {
			isa = PBXNativeTarget;
			buildConfigurationList = F61CFCB11B56C7CB00BB3DB9 /* Build configuration list for PBXNativeTarget "ShowMe" */;
			buildPhases = (
				F61CFC8E1B56C7CA00BB3DB9 /* Sources */,
				F61CFC8F1B56C7CA00BB3DB9 /* Frameworks */,
				F61CFC901B56C7CA00BB3DB9 /* Resources */,
			);
			buildRules = (
			);
			dependencies = (
			);
			name = ShowMe;
			productName = ShowMe;
			productReference = F61CFC921B56C7CB00BB3DB9 /* ShowMe.app */;
			productType = "com.apple.product-type.application";
		};
		F61CFCA61B56C7CB00BB3DB9 /* ShowMeTests */ = {
			isa = PBXNativeTarget;
			buildConfigurationList = F61CFCB41B56C7CB00BB3DB9 /* Build configuration list for PBXNativeTarget "ShowMeTests" */;
			buildPhases = (
				F61CFCA31B56C7CB00BB3DB9 /* Sources */,
				F61CFCA41B56C7CB00BB3DB9 /* Frameworks */,
				F61CFCA51B56C7CB00BB3DB9 /* Resources */,
			);
			buildRules = (
			);
			dependencies = (
				F61CFCA91B56C7CB00BB3DB9 /* PBXTargetDependency */,
			);
			name = ShowMeTests;
			productName = ShowMeTests;
			productReference = F61CFCA71B56C7CB00BB3DB9 /* ShowMeTests.xctest */;
			productType = "com.apple.product-type.bundle.unit-test";
		};
/* End PBXNativeTarget section */

/* Begin PBXProject section */
		F61CFC8A1B56C7CA00BB3DB9 /* Project object */ = {
			isa = PBXProject;
			attributes = {
				LastUpgradeCheck = 0640;
				ORGANIZATIONNAME = "Xoi's iMac";
				TargetAttributes = {
					F61CFC911B56C7CA00BB3DB9 = {
						CreatedOnToolsVersion = 6.4;
					};
					F61CFCA61B56C7CB00BB3DB9 = {
						CreatedOnToolsVersion = 6.4;
						TestTargetID = F61CFC911B56C7CA00BB3DB9;
					};
				};
			};
			buildConfigurationList = F61CFC8D1B56C7CA00BB3DB9 /* Build configuration list for PBXProject "ShowMe" */;
			compatibilityVersion = "Xcode 3.2";
			developmentRegion = English;
			hasScannedForEncodings = 0;
			knownRegions = (
				en,
				Base,
			);
			mainGroup = F61CFC891B56C7CA00BB3DB9;
			productRefGroup = F61CFC931B56C7CB00BB3DB9 /* Products */;
			projectDirPath = "";
			projectRoot = "";
			targets = (
				F61CFC911B56C7CA00BB3DB9 /* ShowMe */,
				F61CFCA61B56C7CB00BB3DB9 /* ShowMeTests */,
			);
		};
/* End PBXProject section */

/* Begin PBXResourcesBuildPhase section */
		F61CFC901B56C7CA00BB3DB9 /* Resources */ = {
			isa = PBXResourcesBuildPhase;
			buildActionMask = 2147483647;
			files = (
				F61CFC9D1B56C7CB00BB3DB9 /* Main.storyboard in Resources */,
				F61CFCA21B56C7CB00BB3DB9 /* LaunchScreen.xib in Resources */,
				F61CFC9F1B56C7CB00BB3DB9 /* Images.xcassets in Resources */,
			);
			runOnlyForDeploymentPostprocessing = 0;
		};
		F61CFCA51B56C7CB00BB3DB9 /* Resources */ = {
			isa = PBXResourcesBuildPhase;
			buildActionMask = 2147483647;
			files = (
			);
			runOnlyForDeploymentPostprocessing = 0;
		};
/* End PBXResourcesBuildPhase section */

/* Begin PBXSourcesBuildPhase section */
		F61CFC8E1B56C7CA00BB3DB9 /* Sources */ = {
			isa = PBXSourcesBuildPhase;
			buildActionMask = 2147483647;
			files = (
				F61CFC9A1B56C7CB00BB3DB9 /* ViewController.swift in Sources */,
				F61CFC981B56C7CB00BB3DB9 /* AppDelegate.swift in Sources */,
			);
			runOnlyForDeploymentPostprocessing = 0;
		};
		F61CFCA31B56C7CB00BB3DB9 /* Sources */ = {
			isa = PBXSourcesBuildPhase;
			buildActionMask = 2147483647;
			files = (
				F61CFCAE1B56C7CB00BB3DB9 /* ShowMeTests.swift in Sources */,
			);
			runOnlyForDeploymentPostprocessing = 0;
		};
/* End PBXSourcesBuildPhase section */

/* Begin PBXTargetDependency section */
		F61CFCA91B56C7CB00BB3DB9 /* PBXTargetDependency */ = {
			isa = PBXTargetDependency;
			target = F61CFC911B56C7CA00BB3DB9 /* ShowMe */;
			targetProxy = F61CFCA81B56C7CB00BB3DB9 /* PBXContainerItemProxy */;
		};
/* End PBXTargetDependency section */

/* Begin PBXVariantGroup section */
		F61CFC9B1B56C7CB00BB3DB9 /* Main.storyboard */ = {
			isa = PBXVariantGroup;
			children = (
				F61CFC9C1B56C7CB00BB3DB9 /* Base */,
			);
			name = Main.storyboard;
			sourceTree = "<group>";
		};
		F61CFCA01B56C7CB00BB3DB9 /* LaunchScreen.xib */ = {
			isa = PBXVariantGroup;
			children = (
				F61CFCA11B56C7CB00BB3DB9 /* Base */,
			);
			name = LaunchScreen.xib;
			sourceTree = "<group>";
		};
/* End PBXVariantGroup section */

/* Begin XCBuildConfiguration section */
		F61CFCAF1B56C7CB00BB3DB9 /* Debug */ = {
			isa = XCBuildConfiguration;
			buildSettings = {
				ALWAYS_SEARCH_USER_PATHS = NO;
				CLANG_CXX_LANGUAGE_STANDARD = "gnu++0x";
				CLANG_CXX_LIBRARY = "libc++";
				CLANG_ENABLE_MODULES = YES;
				CLANG_ENABLE_OBJC_ARC = YES;
				CLANG_WARN_BOOL_CONVERSION = YES;
				CLANG_WARN_CONSTANT_CONVERSION = YES;
				CLANG_WARN_DIRECT_OBJC_ISA_USAGE = YES_ERROR;
				CLANG_WARN_EMPTY_BODY = YES;
				CLANG_WARN_ENUM_CONVERSION = YES;
				CLANG_WARN_INT_CONVERSION = YES;
				CLANG_WARN_OBJC_ROOT_CLASS = YES_ERROR;
				CLANG_WARN_UNREACHABLE_CODE = YES;
				CLANG_WARN__DUPLICATE_METHOD_MATCH = YES;
				"CODE_SIGN_IDENTITY[sdk=iphoneos*]" = "iPhone Developer";
				COPY_PHASE_STRIP = NO;
				DEBUG_INFORMATION_FORMAT = "dwarf-with-dsym";
				ENABLE_STRICT_OBJC_MSGSEND = YES;
				GCC_C_LANGUAGE_STANDARD = gnu99;
				GCC_DYNAMIC_NO_PIC = NO;
				GCC_NO_COMMON_BLOCKS = YES;
				GCC_OPTIMIZATION_LEVEL = 0;
				GCC_PREPROCESSOR_DEFINITIONS = (
					"DEBUG=1",
					"$(inherited)",
				);
				GCC_SYMBOLS_PRIVATE_EXTERN = NO;
				GCC_WARN_64_TO_32_BIT_CONVERSION = YES;
				GCC_WARN_ABOUT_RETURN_TYPE = YES_ERROR;
				GCC_WARN_UNDECLARED_SELECTOR = YES;
				GCC_WARN_UNINITIALIZED_AUTOS = YES_AGGRESSIVE;
				GCC_WARN_UNUSED_FUNCTION = YES;
				GCC_WARN_UNUSED_VARIABLE = YES;
				IPHONEOS_DEPLOYMENT_TARGET = 8.4;
				MTL_ENABLE_DEBUG_INFO = YES;
				ONLY_ACTIVE_ARCH = YES;
				SDKROOT = iphoneos;
				SWIFT_OPTIMIZATION_LEVEL = "-Onone";
			};
			name = Debug;
		};
		F61CFCB01B56C7CB00BB3DB9 /* Release */ = {
			isa = XCBuildConfiguration;
			buildSettings = {
				ALWAYS_SEARCH_USER_PATHS = NO;
				CLANG_CXX_LANGUAGE_STANDARD = "gnu++0x";
				CLANG_CXX_LIBRARY = "libc++";
				CLANG_ENABLE_MODULES = YES;
				CLANG_ENABLE_OBJC_ARC = YES;
				CLANG_WARN_BOOL_CONVERSION = YES;
				CLANG_WARN_CONSTANT_CONVERSION = YES;
				CLANG_WARN_DIRECT_OBJC_ISA_USAGE = YES_ERROR;
				CLANG_WARN_EMPTY_BODY = YES;
				CLANG_WARN_ENUM_CONVERSION = YES;
				CLANG_WARN_INT_CONVERSION = YES;
				CLANG_WARN_OBJC_ROOT_CLASS = YES_ERROR;
				CLANG_WARN_UNREACHABLE_CODE = YES;
				CLANG_WARN__DUPLICATE_METHOD_MATCH = YES;
				"CODE_SIGN_IDENTITY[sdk=iphoneos*]" = "iPhone Developer";
				COPY_PHASE_STRIP = NO;
				DEBUG_INFORMATION_FORMAT = "dwarf-with-dsym";
				ENABLE_NS_ASSERTIONS = NO;
				ENABLE_STRICT_OBJC_MSGSEND = YES;
				GCC_C_LANGUAGE_STANDARD = gnu99;
				GCC_NO_COMMON_BLOCKS = YES;
				GCC_WARN_64_TO_32_BIT_CONVERSION = YES;
				GCC_WARN_ABOUT_RETURN_TYPE = YES_ERROR;
				GCC_WARN_UNDECLARED_SELECTOR = YES;
				GCC_WARN_UNINITIALIZED_AUTOS = YES_AGGRESSIVE;
				GCC_WARN_UNUSED_FUNCTION = YES;
				GCC_WARN_UNUSED_VARIABLE = YES;
				IPHONEOS_DEPLOYMENT_TARGET = 8.4;
				MTL_ENABLE_DEBUG_INFO = NO;
				SDKROOT = iphoneos;
				VALIDATE_PRODUCT = YES;
			};
			name = Release;
		};
		F61CFCB21B56C7CB00BB3DB9 /* Debug */ = {
			isa = XCBuildConfiguration;
			buildSettings = {
				ASSETCATALOG_COMPILER_APPICON_NAME = AppIcon;
				INFOPLIST_FILE = ShowMe/Info.plist;
				LD_RUNPATH_SEARCH_PATHS = "$(inherited) @executable_path/Frameworks";
				PRODUCT_NAME = "$(TARGET_NAME)";
			};
			name = Debug;
		};
		F61CFCB31B56C7CB00BB3DB9 /* Release */ = {
			isa = XCBuildConfiguration;
			buildSettings = {
				ASSETCATALOG_COMPILER_APPICON_NAME = AppIcon;
				INFOPLIST_FILE = ShowMe/Info.plist;
				LD_RUNPATH_SEARCH_PATHS = "$(inherited) @executable_path/Frameworks";
				PRODUCT_NAME = "$(TARGET_NAME)";
			};
			name = Release;
		};
		F61CFCB51B56C7CB00BB3DB9 /* Debug */ = {
			isa = XCBuildConfiguration;
			buildSettings = {
				BUNDLE_LOADER = "$(TEST_HOST)";
				FRAMEWORK_SEARCH_PATHS = (
					"$(SDKROOT)/Developer/Library/Frameworks",
					"$(inherited)",
				);
				GCC_PREPROCESSOR_DEFINITIONS = (
					"DEBUG=1",
					"$(inherited)",
				);
				INFOPLIST_FILE = ShowMeTests/Info.plist;
				LD_RUNPATH_SEARCH_PATHS = "$(inherited) @executable_path/Frameworks @loader_path/Frameworks";
				PRODUCT_NAME = "$(TARGET_NAME)";
				TEST_HOST = "$(BUILT_PRODUCTS_DIR)/ShowMe.app/ShowMe";
			};
			name = Debug;
		};
		F61CFCB61B56C7CB00BB3DB9 /* Release */ = {
			isa = XCBuildConfiguration;
			buildSettings = {
				BUNDLE_LOADER = "$(TEST_HOST)";
				FRAMEWORK_SEARCH_PATHS = (
					"$(SDKROOT)/Developer/Library/Frameworks",
					"$(inherited)",
				);
				INFOPLIST_FILE = ShowMeTests/Info.plist;
				LD_RUNPATH_SEARCH_PATHS = "$(inherited) @executable_path/Frameworks @loader_path/Frameworks";
				PRODUCT_NAME = "$(TARGET_NAME)";
				TEST_HOST = "$(BUILT_PRODUCTS_DIR)/ShowMe.app/ShowMe";
			};
			name = Release;
		};
/* End XCBuildConfiguration section */

/* Begin XCConfigurationList section */
		F61CFC8D1B56C7CA00BB3DB9 /* Build configuration list for PBXProject "ShowMe" */ = {
			isa = XCConfigurationList;
			buildConfigurations = (
				F61CFCAF1B56C7CB00BB3DB9 /* Debug */,
				F61CFCB01B56C7CB00BB3DB9 /* Release */,
			);
			defaultConfigurationIsVisible = 0;
			defaultConfigurationName = Release;
		};
		F61CFCB11B56C7CB00BB3DB9 /* Build configuration list for PBXNativeTarget "ShowMe" */ = {
			isa = XCConfigurationList;
			buildConfigurations = (
				F61CFCB21B56C7CB00BB3DB9 /* Debug */,
				F61CFCB31B56C7CB00BB3DB9 /* Release */,
			);
			defaultConfigurationIsVisible = 0;
		};
		F61CFCB41B56C7CB00BB3DB9 /* Build configuration list for PBXNativeTarget "ShowMeTests" */ = {
			isa = XCConfigurationList;
			buildConfigurations = (
				F61CFCB51B56C7CB00BB3DB9 /* Debug */,
				F61CFCB61B56C7CB00BB3DB9 /* Release */,
			);
			defaultConfigurationIsVisible = 0;
		};
/* End XCConfigurationList section */
	};
	rootObject = F61CFC8A1B56C7CA00BB3DB9 /* Project object */;
}
